
Microsoft Visual Studio Solution File, Format Version 12.00
# Visual Studio Version 17
VisualStudioVersion = 17.12.35527.113 d17.12
MinimumVisualStudioVersion = 10.0.40219.1
Project("{FAE04EC0-301F-11D3-BF4B-00C04F79EFBC}") = "TestSheet", "..\New folder\TestSheet\TestSheet.csproj", "{BA79DF1A-3328-4B04-9140-766F5FA8821D}"
EndProject
Project("{FAE04EC0-301F-11D3-BF4B-00C04F79EFBC}") = "TestSheetClient", "..\New folder\TestSheetClient\TestSheetClient.csproj", "{8C67AB87-676C-43A4-B371-CD1A3FE5A2B3}"
EndProject
Global
	GlobalSection(SolutionConfigurationPlatforms) = preSolution
		Debug|Any CPU = Debug|Any CPU
		Release|Any CPU = Release|Any CPU
	EndGlobalSection
	GlobalSection(ProjectConfigurationPlatforms) = postSolution
		{BA79DF1A-3328-4B04-9140-766F5FA8821D}.Debug|Any CPU.ActiveCfg = Debug|Any CPU
		{BA79DF1A-3328-4B04-9140-766F5FA8821D}.Debug|Any CPU.Build.0 = Debug|Any CPU
		{BA79DF1A-3328-4B04-9140-766F5FA8821D}.Release|Any CPU.ActiveCfg = Release|Any CPU
		{BA79DF1A-3328-4B04-9140-766F5FA8821D}.Release|Any CPU.Build.0 = Release|Any CPU
		{8C67AB87-676C-43A4-B371-CD1A3FE5A2B3}.Debug|Any CPU.ActiveCfg = Debug|Any CPU
		{8C67AB87-676C-43A4-B371-CD1A3FE5A2B3}.Debug|Any CPU.Build.0 = Debug|Any CPU
		{8C67AB87-676C-43A4-B371-CD1A3FE5A2B3}.Release|Any CPU.ActiveCfg = Release|Any CPU
		{8C67AB87-676C-43A4-B371-CD1A3FE5A2B3}.Release|Any CPU.Build.0 = Release|Any CPU
	EndGlobalSection
	GlobalSection(SolutionProperties) = preSolution
		HideSolutionNode = FALSE
	EndGlobalSection
EndGlobal
